
Microsoft Visual Studio Solution File, Format Version 12.00
# Visual Studio Version 16
VisualStudioVersion = 16.0.32630.194
MinimumVisualStudioVersion = 10.0.40219.1
Project("{FAE04EC0-301F-11D3-BF4B-00C04F79EFBC}") = "5zadacha", "5zadacha\5zadacha.csproj", "{E65980CD-DA26-4879-88D6-E271C13F329F}"
EndProject
Global
	GlobalSection(SolutionConfigurationPlatforms) = preSolution
		Debug|Any CPU = Debug|Any CPU
		Release|Any CPU = Release|Any CPU
	EndGlobalSection
	GlobalSection(ProjectConfigurationPlatforms) = postSolution
		{E65980CD-DA26-4879-88D6-E271C13F329F}.Debug|Any CPU.ActiveCfg = Debug|Any CPU
		{E65980CD-DA26-4879-88D6-E271C13F329F}.Debug|Any CPU.Build.0 = Debug|Any CPU
		{E65980CD-DA26-4879-88D6-E271C13F329F}.Release|Any CPU.ActiveCfg = Release|Any CPU
		{E65980CD-DA26-4879-88D6-E271C13F329F}.Release|Any CPU.Build.0 = Release|Any CPU
	EndGlobalSection
	GlobalSection(SolutionProperties) = preSolution
		HideSolutionNode = FALSE
	EndGlobalSection
	GlobalSection(ExtensibilityGlobals) = postSolution
		SolutionGuid = {ED726645-07EF-40AF-955C-859473035988}
	EndGlobalSection
EndGlobal
